
Microsoft Visual Studio Solution File, Format Version 12.00
# Visual Studio Version 17
VisualStudioVersion = 17.5.002.0
MinimumVisualStudioVersion = 10.0.40219.1
Project("{9A19103F-16F7-4668-BE54-9A1E7A4F7556}") = "c-code-renad", "c-code-renad.csproj", "{D71E998C-A4F2-429D-8C3E-CE659D07D152}"
EndProject
Global
	GlobalSection(SolutionConfigurationPlatforms) = preSolution
		Debug|Any CPU = Debug|Any CPU
		Release|Any CPU = Release|Any CPU
	EndGlobalSection
	GlobalSection(ProjectConfigurationPlatforms) = postSolution
		{D71E998C-A4F2-429D-8C3E-CE659D07D152}.Debug|Any CPU.ActiveCfg = Debug|Any CPU
		{D71E998C-A4F2-429D-8C3E-CE659D07D152}.Debug|Any CPU.Build.0 = Debug|Any CPU
		{D71E998C-A4F2-429D-8C3E-CE659D07D152}.Release|Any CPU.ActiveCfg = Release|Any CPU
		{D71E998C-A4F2-429D-8C3E-CE659D07D152}.Release|Any CPU.Build.0 = Release|Any CPU
	EndGlobalSection
	GlobalSection(SolutionProperties) = preSolution
		HideSolutionNode = FALSE
	EndGlobalSection
	GlobalSection(ExtensibilityGlobals) = postSolution
		SolutionGuid = {1F5C4C45-809B-4511-9088-C7B78413B21C}
	EndGlobalSection
EndGlobal
